
Microsoft Visual Studio Solution File, Format Version 12.00
Project("{FAE04EC0-301F-11D3-BF4B-00C04F79EFBC}") = "ConsumeAPI", "ConsumeAPI\ConsumeAPI.csproj", "{9C512291-752C-4BF8-AD14-2F371E4A3D9C}"
EndProject
Global
	GlobalSection(SolutionConfigurationPlatforms) = preSolution
		Debug|Any CPU = Debug|Any CPU
		Release|Any CPU = Release|Any CPU
	EndGlobalSection
	GlobalSection(ProjectConfigurationPlatforms) = postSolution
		{9C512291-752C-4BF8-AD14-2F371E4A3D9C}.Debug|Any CPU.ActiveCfg = Debug|Any CPU
		{9C512291-752C-4BF8-AD14-2F371E4A3D9C}.Debug|Any CPU.Build.0 = Debug|Any CPU
		{9C512291-752C-4BF8-AD14-2F371E4A3D9C}.Release|Any CPU.ActiveCfg = Release|Any CPU
		{9C512291-752C-4BF8-AD14-2F371E4A3D9C}.Release|Any CPU.Build.0 = Release|Any CPU
	EndGlobalSection
EndGlobal
